
Microsoft Visual Studio Solution File, Format Version 12.00
# Visual Studio Version 17
VisualStudioVersion = 17.7.34221.43
MinimumVisualStudioVersion = 10.0.40219.1
Project("{FAE04EC0-301F-11D3-BF4B-00C04F79EFBC}") = "MediaCatalog.UI.WinForms", "MediaCatalog.UI.WinForms\MediaCatalog.UI.WinForms.csproj", "{E5CF49EC-2271-4871-A902-2B3F65219D14}"
	ProjectSection(ProjectDependencies) = postProject
		{2714F61E-3197-4F1D-9D23-1A56747B2729} = {2714F61E-3197-4F1D-9D23-1A56747B2729}
	EndProjectSection
EndProject
Project("{FAE04EC0-301F-11D3-BF4B-00C04F79EFBC}") = "MediaCatalog.BusinessLogic", "MediaCatalog.BusinessLogic\MediaCatalog.BusinessLogic.csproj", "{57DA98E5-8F74-4D7C-8F3E-9A5E6D3ED35D}"
	ProjectSection(ProjectDependencies) = postProject
		{E29718FF-C8EE-47B3-A7AF-2299DD5014E9} = {E29718FF-C8EE-47B3-A7AF-2299DD5014E9}
	EndProjectSection
EndProject
Project("{FAE04EC0-301F-11D3-BF4B-00C04F79EFBC}") = "MediaCatalog.Presenters", "MediaCatalog.Presenters\MediaCatalog.Presenters.csproj", "{2714F61E-3197-4F1D-9D23-1A56747B2729}"
	ProjectSection(ProjectDependencies) = postProject
		{57DA98E5-8F74-4D7C-8F3E-9A5E6D3ED35D} = {57DA98E5-8F74-4D7C-8F3E-9A5E6D3ED35D}
		{F055673F-DCCD-483E-B175-B86B104CA262} = {F055673F-DCCD-483E-B175-B86B104CA262}
	EndProjectSection
EndProject
Project("{FAE04EC0-301F-11D3-BF4B-00C04F79EFBC}") = "MediaCatalog.DataAccess", "MediaCatalog.DataAccess\MediaCatalog.DataAccess.csproj", "{E29718FF-C8EE-47B3-A7AF-2299DD5014E9}"
EndProject
Project("{FAE04EC0-301F-11D3-BF4B-00C04F79EFBC}") = "MediaCatalog.Common", "MediaCatalog.Common\MediaCatalog.Common.csproj", "{F055673F-DCCD-483E-B175-B86B104CA262}"
EndProject
Global
	GlobalSection(SolutionConfigurationPlatforms) = preSolution
		Debug|Any CPU = Debug|Any CPU
		Release|Any CPU = Release|Any CPU
	EndGlobalSection
	GlobalSection(ProjectConfigurationPlatforms) = postSolution
		{E5CF49EC-2271-4871-A902-2B3F65219D14}.Debug|Any CPU.ActiveCfg = Debug|Any CPU
		{E5CF49EC-2271-4871-A902-2B3F65219D14}.Debug|Any CPU.Build.0 = Debug|Any CPU
		{E5CF49EC-2271-4871-A902-2B3F65219D14}.Release|Any CPU.ActiveCfg = Release|Any CPU
		{E5CF49EC-2271-4871-A902-2B3F65219D14}.Release|Any CPU.Build.0 = Release|Any CPU
		{57DA98E5-8F74-4D7C-8F3E-9A5E6D3ED35D}.Debug|Any CPU.ActiveCfg = Debug|Any CPU
		{57DA98E5-8F74-4D7C-8F3E-9A5E6D3ED35D}.Debug|Any CPU.Build.0 = Debug|Any CPU
		{57DA98E5-8F74-4D7C-8F3E-9A5E6D3ED35D}.Release|Any CPU.ActiveCfg = Release|Any CPU
		{57DA98E5-8F74-4D7C-8F3E-9A5E6D3ED35D}.Release|Any CPU.Build.0 = Release|Any CPU
		{2714F61E-3197-4F1D-9D23-1A56747B2729}.Debug|Any CPU.ActiveCfg = Debug|Any CPU
		{2714F61E-3197-4F1D-9D23-1A56747B2729}.Debug|Any CPU.Build.0 = Debug|Any CPU
		{2714F61E-3197-4F1D-9D23-1A56747B2729}.Release|Any CPU.ActiveCfg = Release|Any CPU
		{2714F61E-3197-4F1D-9D23-1A56747B2729}.Release|Any CPU.Build.0 = Release|Any CPU
		{E29718FF-C8EE-47B3-A7AF-2299DD5014E9}.Debug|Any CPU.ActiveCfg = Debug|Any CPU
		{E29718FF-C8EE-47B3-A7AF-2299DD5014E9}.Debug|Any CPU.Build.0 = Debug|Any CPU
		{E29718FF-C8EE-47B3-A7AF-2299DD5014E9}.Release|Any CPU.ActiveCfg = Release|Any CPU
		{E29718FF-C8EE-47B3-A7AF-2299DD5014E9}.Release|Any CPU.Build.0 = Release|Any CPU
		{F055673F-DCCD-483E-B175-B86B104CA262}.Debug|Any CPU.ActiveCfg = Debug|Any CPU
		{F055673F-DCCD-483E-B175-B86B104CA262}.Debug|Any CPU.Build.0 = Debug|Any CPU
		{F055673F-DCCD-483E-B175-B86B104CA262}.Release|Any CPU.ActiveCfg = Release|Any CPU
		{F055673F-DCCD-483E-B175-B86B104CA262}.Release|Any CPU.Build.0 = Release|Any CPU
	EndGlobalSection
	GlobalSection(SolutionProperties) = preSolution
		HideSolutionNode = FALSE
	EndGlobalSection
	GlobalSection(ExtensibilityGlobals) = postSolution
		SolutionGuid = {D477E21C-BA5E-4CAE-962B-E12C01C8723C}
	EndGlobalSection
EndGlobal
